
Microsoft Visual Studio Solution File, Format Version 12.00
# Visual Studio 14
VisualStudioVersion = 14.0.25123.0
MinimumVisualStudioVersion = 10.0.40219.1
Project("{FAE04EC0-301F-11D3-BF4B-00C04F79EFBC}") = "01.Group-Permutations", "01.Group-Permutations\01.Group-Permutations.csproj", "{578DAE7F-75D2-4773-AA40-6C493E393292}"
EndProject
Project("{FAE04EC0-301F-11D3-BF4B-00C04F79EFBC}") = "03.Cycle3Nodes", "03.Cycle3Nodes\03.Cycle3Nodes.csproj", "{A82C1FF9-B1F0-4AC6-8011-AFD3D0003E38}"
EndProject
Project("{FAE04EC0-301F-11D3-BF4B-00C04F79EFBC}") = "04.Line-Inverter", "04.Line-Inverter\04.Line-Inverter.csproj", "{EBB54661-0DC7-4AA1-A0EA-E4394B43833A}"
EndProject
Project("{FAE04EC0-301F-11D3-BF4B-00C04F79EFBC}") = "02.Bridges", "02.Bridges\02.Bridges.csproj", "{2B387526-7D2F-42C9-89BE-34AECF4B7E57}"
EndProject
Global
	GlobalSection(SolutionConfigurationPlatforms) = preSolution
		Debug|Any CPU = Debug|Any CPU
		Release|Any CPU = Release|Any CPU
	EndGlobalSection
	GlobalSection(ProjectConfigurationPlatforms) = postSolution
		{578DAE7F-75D2-4773-AA40-6C493E393292}.Debug|Any CPU.ActiveCfg = Debug|Any CPU
		{578DAE7F-75D2-4773-AA40-6C493E393292}.Debug|Any CPU.Build.0 = Debug|Any CPU
		{578DAE7F-75D2-4773-AA40-6C493E393292}.Release|Any CPU.ActiveCfg = Release|Any CPU
		{578DAE7F-75D2-4773-AA40-6C493E393292}.Release|Any CPU.Build.0 = Release|Any CPU
		{A82C1FF9-B1F0-4AC6-8011-AFD3D0003E38}.Debug|Any CPU.ActiveCfg = Debug|Any CPU
		{A82C1FF9-B1F0-4AC6-8011-AFD3D0003E38}.Debug|Any CPU.Build.0 = Debug|Any CPU
		{A82C1FF9-B1F0-4AC6-8011-AFD3D0003E38}.Release|Any CPU.ActiveCfg = Release|Any CPU
		{A82C1FF9-B1F0-4AC6-8011-AFD3D0003E38}.Release|Any CPU.Build.0 = Release|Any CPU
		{EBB54661-0DC7-4AA1-A0EA-E4394B43833A}.Debug|Any CPU.ActiveCfg = Debug|Any CPU
		{EBB54661-0DC7-4AA1-A0EA-E4394B43833A}.Debug|Any CPU.Build.0 = Debug|Any CPU
		{EBB54661-0DC7-4AA1-A0EA-E4394B43833A}.Release|Any CPU.ActiveCfg = Release|Any CPU
		{EBB54661-0DC7-4AA1-A0EA-E4394B43833A}.Release|Any CPU.Build.0 = Release|Any CPU
		{2B387526-7D2F-42C9-89BE-34AECF4B7E57}.Debug|Any CPU.ActiveCfg = Debug|Any CPU
		{2B387526-7D2F-42C9-89BE-34AECF4B7E57}.Debug|Any CPU.Build.0 = Debug|Any CPU
		{2B387526-7D2F-42C9-89BE-34AECF4B7E57}.Release|Any CPU.ActiveCfg = Release|Any CPU
		{2B387526-7D2F-42C9-89BE-34AECF4B7E57}.Release|Any CPU.Build.0 = Release|Any CPU
	EndGlobalSection
	GlobalSection(SolutionProperties) = preSolution
		HideSolutionNode = FALSE
	EndGlobalSection
EndGlobal
